
Microsoft Visual Studio Solution File, Format Version 12.00
# Visual Studio 15
VisualStudioVersion = 15.0.26403.3
MinimumVisualStudioVersion = 10.0.40219.1
Project("{FAE04EC0-301F-11D3-BF4B-00C04F79EFBC}") = "GitCandy", "GitCandy\GitCandy.csproj", "{801093E9-65C5-40A0-9A17-E7CB2893B427}"
EndProject
Project("{FAE04EC0-301F-11D3-BF4B-00C04F79EFBC}") = "GitCandy.Tests", "GitCandy.Tests\GitCandy.Tests.csproj", "{79224053-815E-4C7B-9F78-7CA6B3F99B7D}"
EndProject
Global
	GlobalSection(SolutionConfigurationPlatforms) = preSolution
		Debug|Any CPU = Debug|Any CPU
		Release|Any CPU = Release|Any CPU
	EndGlobalSection
	GlobalSection(ProjectConfigurationPlatforms) = postSolution
		{801093E9-65C5-40A0-9A17-E7CB2893B427}.Debug|Any CPU.ActiveCfg = Debug|Any CPU
		{801093E9-65C5-40A0-9A17-E7CB2893B427}.Debug|Any CPU.Build.0 = Debug|Any CPU
		{801093E9-65C5-40A0-9A17-E7CB2893B427}.Release|Any CPU.ActiveCfg = Release|Any CPU
		{801093E9-65C5-40A0-9A17-E7CB2893B427}.Release|Any CPU.Build.0 = Release|Any CPU
		{79224053-815E-4C7B-9F78-7CA6B3F99B7D}.Debug|Any CPU.ActiveCfg = Debug|Any CPU
		{79224053-815E-4C7B-9F78-7CA6B3F99B7D}.Debug|Any CPU.Build.0 = Debug|Any CPU
		{79224053-815E-4C7B-9F78-7CA6B3F99B7D}.Release|Any CPU.ActiveCfg = Release|Any CPU
		{79224053-815E-4C7B-9F78-7CA6B3F99B7D}.Release|Any CPU.Build.0 = Release|Any CPU
	EndGlobalSection
	GlobalSection(SolutionProperties) = preSolution
		HideSolutionNode = FALSE
	EndGlobalSection
EndGlobal
